
Microsoft Visual Studio Solution File, Format Version 12.00
# Visual Studio 15
VisualStudioVersion = 15.0.26430.12
MinimumVisualStudioVersion = 10.0.40219.1
Project("{FAE04EC0-301F-11D3-BF4B-00C04F79EFBC}") = "ControleCompra.Android", "ControleCompra\ControleCompra.Android\ControleCompra.Android.csproj", "{B7EB0318-D500-4EB4-8FBE-62C278680BAF}"
EndProject
Project("{FAE04EC0-301F-11D3-BF4B-00C04F79EFBC}") = "ControleCompra", "ControleCompra\ControleCompra\ControleCompra.csproj", "{5CB72003-2AE8-4C75-A3A7-2445C77B6B75}"
EndProject
Project("{FAE04EC0-301F-11D3-BF4B-00C04F79EFBC}") = "ControleCompra.UWP", "ControleCompra\ControleCompra.UWP\ControleCompra.UWP.csproj", "{9B13E165-4112-429F-9CF2-48F8546FB104}"
EndProject
Project("{FAE04EC0-301F-11D3-BF4B-00C04F79EFBC}") = "ControleCompra.iOS", "ControleCompra\ControleCompra.iOS\ControleCompra.iOS.csproj", "{814B16F9-A066-40AB-AB3F-E0BAC47CC81A}"
EndProject
Global
	GlobalSection(SolutionConfigurationPlatforms) = preSolution
		Ad-Hoc|Any CPU = Ad-Hoc|Any CPU
		Ad-Hoc|ARM = Ad-Hoc|ARM
		Ad-Hoc|iPhone = Ad-Hoc|iPhone
		Ad-Hoc|iPhoneSimulator = Ad-Hoc|iPhoneSimulator
		Ad-Hoc|x64 = Ad-Hoc|x64
		Ad-Hoc|x86 = Ad-Hoc|x86
		AppStore|Any CPU = AppStore|Any CPU
		AppStore|ARM = AppStore|ARM
		AppStore|iPhone = AppStore|iPhone
		AppStore|iPhoneSimulator = AppStore|iPhoneSimulator
		AppStore|x64 = AppStore|x64
		AppStore|x86 = AppStore|x86
		Debug|Any CPU = Debug|Any CPU
		Debug|ARM = Debug|ARM
		Debug|iPhone = Debug|iPhone
		Debug|iPhoneSimulator = Debug|iPhoneSimulator
		Debug|x64 = Debug|x64
		Debug|x86 = Debug|x86
		Release|Any CPU = Release|Any CPU
		Release|ARM = Release|ARM
		Release|iPhone = Release|iPhone
		Release|iPhoneSimulator = Release|iPhoneSimulator
		Release|x64 = Release|x64
		Release|x86 = Release|x86
	EndGlobalSection
	GlobalSection(ProjectConfigurationPlatforms) = postSolution
		{B7EB0318-D500-4EB4-8FBE-62C278680BAF}.Ad-Hoc|Any CPU.ActiveCfg = Release|Any CPU
		{B7EB0318-D500-4EB4-8FBE-62C278680BAF}.Ad-Hoc|Any CPU.Build.0 = Release|Any CPU
		{B7EB0318-D500-4EB4-8FBE-62C278680BAF}.Ad-Hoc|Any CPU.Deploy.0 = Release|Any CPU
		{B7EB0318-D500-4EB4-8FBE-62C278680BAF}.Ad-Hoc|ARM.ActiveCfg = Release|Any CPU
		{B7EB0318-D500-4EB4-8FBE-62C278680BAF}.Ad-Hoc|ARM.Build.0 = Release|Any CPU
		{B7EB0318-D500-4EB4-8FBE-62C278680BAF}.Ad-Hoc|ARM.Deploy.0 = Release|Any CPU
		{B7EB0318-D500-4EB4-8FBE-62C278680BAF}.Ad-Hoc|iPhone.ActiveCfg = Release|Any CPU
		{B7EB0318-D500-4EB4-8FBE-62C278680BAF}.Ad-Hoc|iPhone.Build.0 = Release|Any CPU
		{B7EB0318-D500-4EB4-8FBE-62C278680BAF}.Ad-Hoc|iPhone.Deploy.0 = Release|Any CPU
		{B7EB0318-D500-4EB4-8FBE-62C278680BAF}.Ad-Hoc|iPhoneSimulator.ActiveCfg = Release|Any CPU
		{B7EB0318-D500-4EB4-8FBE-62C278680BAF}.Ad-Hoc|iPhoneSimulator.Build.0 = Release|Any CPU
		{B7EB0318-D500-4EB4-8FBE-62C278680BAF}.Ad-Hoc|iPhoneSimulator.Deploy.0 = Release|Any CPU
		{B7EB0318-D500-4EB4-8FBE-62C278680BAF}.Ad-Hoc|x64.ActiveCfg = Release|Any CPU
		{B7EB0318-D500-4EB4-8FBE-62C278680BAF}.Ad-Hoc|x64.Build.0 = Release|Any CPU
		{B7EB0318-D500-4EB4-8FBE-62C278680BAF}.Ad-Hoc|x64.Deploy.0 = Release|Any CPU
		{B7EB0318-D500-4EB4-8FBE-62C278680BAF}.Ad-Hoc|x86.ActiveCfg = Release|Any CPU
		{B7EB0318-D500-4EB4-8FBE-62C278680BAF}.Ad-Hoc|x86.Build.0 = Release|Any CPU
		{B7EB0318-D500-4EB4-8FBE-62C278680BAF}.Ad-Hoc|x86.Deploy.0 = Release|Any CPU
		{B7EB0318-D500-4EB4-8FBE-62C278680BAF}.AppStore|Any CPU.ActiveCfg = Release|Any CPU
		{B7EB0318-D500-4EB4-8FBE-62C278680BAF}.AppStore|Any CPU.Build.0 = Release|Any CPU
		{B7EB0318-D500-4EB4-8FBE-62C278680BAF}.AppStore|Any CPU.Deploy.0 = Release|Any CPU
		{B7EB0318-D500-4EB4-8FBE-62C278680BAF}.AppStore|ARM.ActiveCfg = Release|Any CPU
		{B7EB0318-D500-4EB4-8FBE-62C278680BAF}.AppStore|ARM.Build.0 = Release|Any CPU
		{B7EB0318-D500-4EB4-8FBE-62C278680BAF}.AppStore|ARM.Deploy.0 = Release|Any CPU
		{B7EB0318-D500-4EB4-8FBE-62C278680BAF}.AppStore|iPhone.ActiveCfg = Release|Any CPU
		{B7EB0318-D500-4EB4-8FBE-62C278680BAF}.AppStore|iPhone.Build.0 = Release|Any CPU
		{B7EB0318-D500-4EB4-8FBE-62C278680BAF}.AppStore|iPhone.Deploy.0 = Release|Any CPU
		{B7EB0318-D500-4EB4-8FBE-62C278680BAF}.AppStore|iPhoneSimulator.ActiveCfg = Release|Any CPU
		{B7EB0318-D500-4EB4-8FBE-62C278680BAF}.AppStore|iPhoneSimulator.Build.0 = Release|Any CPU
		{B7EB0318-D500-4EB4-8FBE-62C278680BAF}.AppStore|iPhoneSimulator.Deploy.0 = Release|Any CPU
		{B7EB0318-D500-4EB4-8FBE-62C278680BAF}.AppStore|x64.ActiveCfg = Release|Any CPU
		{B7EB0318-D500-4EB4-8FBE-62C278680BAF}.AppStore|x64.Build.0 = Release|Any CPU
		{B7EB0318-D500-4EB4-8FBE-62C278680BAF}.AppStore|x64.Deploy.0 = Release|Any CPU
		{B7EB0318-D500-4EB4-8FBE-62C278680BAF}.AppStore|x86.ActiveCfg = Release|Any CPU
		{B7EB0318-D500-4EB4-8FBE-62C278680BAF}.AppStore|x86.Build.0 = Release|Any CPU
		{B7EB0318-D500-4EB4-8FBE-62C278680BAF}.AppStore|x86.Deploy.0 = Release|Any CPU
		{B7EB0318-D500-4EB4-8FBE-62C278680BAF}.Debug|Any CPU.ActiveCfg = Debug|Any CPU
		{B7EB0318-D500-4EB4-8FBE-62C278680BAF}.Debug|Any CPU.Build.0 = Debug|Any CPU
		{B7EB0318-D500-4EB4-8FBE-62C278680BAF}.Debug|Any CPU.Deploy.0 = Debug|Any CPU
		{B7EB0318-D500-4EB4-8FBE-62C278680BAF}.Debug|ARM.ActiveCfg = Debug|Any CPU
		{B7EB0318-D500-4EB4-8FBE-62C278680BAF}.Debug|ARM.Build.0 = Debug|Any CPU
		{B7EB0318-D500-4EB4-8FBE-62C278680BAF}.Debug|ARM.Deploy.0 = Debug|Any CPU
		{B7EB0318-D500-4EB4-8FBE-62C278680BAF}.Debug|iPhone.ActiveCfg = Debug|Any CPU
		{B7EB0318-D500-4EB4-8FBE-62C278680BAF}.Debug|iPhone.Build.0 = Debug|Any CPU
		{B7EB0318-D500-4EB4-8FBE-62C278680BAF}.Debug|iPhone.Deploy.0 = Debug|Any CPU
		{B7EB0318-D500-4EB4-8FBE-62C278680BAF}.Debug|iPhoneSimulator.ActiveCfg = Debug|Any CPU
		{B7EB0318-D500-4EB4-8FBE-62C278680BAF}.Debug|iPhoneSimulator.Build.0 = Debug|Any CPU
		{B7EB0318-D500-4EB4-8FBE-62C278680BAF}.Debug|iPhoneSimulator.Deploy.0 = Debug|Any CPU
		{B7EB0318-D500-4EB4-8FBE-62C278680BAF}.Debug|x64.ActiveCfg = Debug|Any CPU
		{B7EB0318-D500-4EB4-8FBE-62C278680BAF}.Debug|x64.Build.0 = Debug|Any CPU
		{B7EB0318-D500-4EB4-8FBE-62C278680BAF}.Debug|x64.Deploy.0 = Debug|Any CPU
		{B7EB0318-D500-4EB4-8FBE-62C278680BAF}.Debug|x86.ActiveCfg = Debug|Any CPU
		{B7EB0318-D500-4EB4-8FBE-62C278680BAF}.Debug|x86.Build.0 = Debug|Any CPU
		{B7EB0318-D500-4EB4-8FBE-62C278680BAF}.Debug|x86.Deploy.0 = Debug|Any CPU
		{B7EB0318-D500-4EB4-8FBE-62C278680BAF}.Release|Any CPU.ActiveCfg = Release|Any CPU
		{B7EB0318-D500-4EB4-8FBE-62C278680BAF}.Release|Any CPU.Build.0 = Release|Any CPU
		{B7EB0318-D500-4EB4-8FBE-62C278680BAF}.Release|Any CPU.Deploy.0 = Release|Any CPU
		{B7EB0318-D500-4EB4-8FBE-62C278680BAF}.Release|ARM.ActiveCfg = Release|Any CPU
		{B7EB0318-D500-4EB4-8FBE-62C278680BAF}.Release|ARM.Build.0 = Release|Any CPU
		{B7EB0318-D500-4EB4-8FBE-62C278680BAF}.Release|ARM.Deploy.0 = Release|Any CPU
		{B7EB0318-D500-4EB4-8FBE-62C278680BAF}.Release|iPhone.ActiveCfg = Release|Any CPU
		{B7EB0318-D500-4EB4-8FBE-62C278680BAF}.Release|iPhone.Build.0 = Release|Any CPU
		{B7EB0318-D500-4EB4-8FBE-62C278680BAF}.Release|iPhone.Deploy.0 = Release|Any CPU
		{B7EB0318-D500-4EB4-8FBE-62C278680BAF}.Release|iPhoneSimulator.ActiveCfg = Release|Any CPU
		{B7EB0318-D500-4EB4-8FBE-62C278680BAF}.Release|iPhoneSimulator.Build.0 = Release|Any CPU
		{B7EB0318-D500-4EB4-8FBE-62C278680BAF}.Release|iPhoneSimulator.Deploy.0 = Release|Any CPU
		{B7EB0318-D500-4EB4-8FBE-62C278680BAF}.Release|x64.ActiveCfg = Release|Any CPU
		{B7EB0318-D500-4EB4-8FBE-62C278680BAF}.Release|x64.Build.0 = Release|Any CPU
		{B7EB0318-D500-4EB4-8FBE-62C278680BAF}.Release|x64.Deploy.0 = Release|Any CPU
		{B7EB0318-D500-4EB4-8FBE-62C278680BAF}.Release|x86.ActiveCfg = Release|Any CPU
		{B7EB0318-D500-4EB4-8FBE-62C278680BAF}.Release|x86.Build.0 = Release|Any CPU
		{B7EB0318-D500-4EB4-8FBE-62C278680BAF}.Release|x86.Deploy.0 = Release|Any CPU
		{5CB72003-2AE8-4C75-A3A7-2445C77B6B75}.Ad-Hoc|Any CPU.ActiveCfg = Release|Any CPU
		{5CB72003-2AE8-4C75-A3A7-2445C77B6B75}.Ad-Hoc|Any CPU.Build.0 = Release|Any CPU
		{5CB72003-2AE8-4C75-A3A7-2445C77B6B75}.Ad-Hoc|ARM.ActiveCfg = Release|Any CPU
		{5CB72003-2AE8-4C75-A3A7-2445C77B6B75}.Ad-Hoc|ARM.Build.0 = Release|Any CPU
		{5CB72003-2AE8-4C75-A3A7-2445C77B6B75}.Ad-Hoc|iPhone.ActiveCfg = Release|Any CPU
		{5CB72003-2AE8-4C75-A3A7-2445C77B6B75}.Ad-Hoc|iPhone.Build.0 = Release|Any CPU
		{5CB72003-2AE8-4C75-A3A7-2445C77B6B75}.Ad-Hoc|iPhoneSimulator.ActiveCfg = Release|Any CPU
		{5CB72003-2AE8-4C75-A3A7-2445C77B6B75}.Ad-Hoc|iPhoneSimulator.Build.0 = Release|Any CPU
		{5CB72003-2AE8-4C75-A3A7-2445C77B6B75}.Ad-Hoc|x64.ActiveCfg = Release|Any CPU
		{5CB72003-2AE8-4C75-A3A7-2445C77B6B75}.Ad-Hoc|x64.Build.0 = Release|Any CPU
		{5CB72003-2AE8-4C75-A3A7-2445C77B6B75}.Ad-Hoc|x86.ActiveCfg = Release|Any CPU
		{5CB72003-2AE8-4C75-A3A7-2445C77B6B75}.Ad-Hoc|x86.Build.0 = Release|Any CPU
		{5CB72003-2AE8-4C75-A3A7-2445C77B6B75}.AppStore|Any CPU.ActiveCfg = Release|Any CPU
		{5CB72003-2AE8-4C75-A3A7-2445C77B6B75}.AppStore|Any CPU.Build.0 = Release|Any CPU
		{5CB72003-2AE8-4C75-A3A7-2445C77B6B75}.AppStore|ARM.ActiveCfg = Release|Any CPU
		{5CB72003-2AE8-4C75-A3A7-2445C77B6B75}.AppStore|ARM.Build.0 = Release|Any CPU
		{5CB72003-2AE8-4C75-A3A7-2445C77B6B75}.AppStore|iPhone.ActiveCfg = Release|Any CPU
		{5CB72003-2AE8-4C75-A3A7-2445C77B6B75}.AppStore|iPhone.Build.0 = Release|Any CPU
		{5CB72003-2AE8-4C75-A3A7-2445C77B6B75}.AppStore|iPhoneSimulator.ActiveCfg = Release|Any CPU
		{5CB72003-2AE8-4C75-A3A7-2445C77B6B75}.AppStore|iPhoneSimulator.Build.0 = Release|Any CPU
		{5CB72003-2AE8-4C75-A3A7-2445C77B6B75}.AppStore|x64.ActiveCfg = Release|Any CPU
		{5CB72003-2AE8-4C75-A3A7-2445C77B6B75}.AppStore|x64.Build.0 = Release|Any CPU
		{5CB72003-2AE8-4C75-A3A7-2445C77B6B75}.AppStore|x86.ActiveCfg = Release|Any CPU
		{5CB72003-2AE8-4C75-A3A7-2445C77B6B75}.AppStore|x86.Build.0 = Release|Any CPU
		{5CB72003-2AE8-4C75-A3A7-2445C77B6B75}.Debug|Any CPU.ActiveCfg = Debug|Any CPU
		{5CB72003-2AE8-4C75-A3A7-2445C77B6B75}.Debug|Any CPU.Build.0 = Debug|Any CPU
		{5CB72003-2AE8-4C75-A3A7-2445C77B6B75}.Debug|ARM.ActiveCfg = Debug|Any CPU
		{5CB72003-2AE8-4C75-A3A7-2445C77B6B75}.Debug|ARM.Build.0 = Debug|Any CPU
		{5CB72003-2AE8-4C75-A3A7-2445C77B6B75}.Debug|iPhone.ActiveCfg = Debug|Any CPU
		{5CB72003-2AE8-4C75-A3A7-2445C77B6B75}.Debug|iPhone.Build.0 = Debug|Any CPU
		{5CB72003-2AE8-4C75-A3A7-2445C77B6B75}.Debug|iPhoneSimulator.ActiveCfg = Debug|Any CPU
		{5CB72003-2AE8-4C75-A3A7-2445C77B6B75}.Debug|iPhoneSimulator.Build.0 = Debug|Any CPU
		{5CB72003-2AE8-4C75-A3A7-2445C77B6B75}.Debug|x64.ActiveCfg = Debug|Any CPU
		{5CB72003-2AE8-4C75-A3A7-2445C77B6B75}.Debug|x64.Build.0 = Debug|Any CPU
		{5CB72003-2AE8-4C75-A3A7-2445C77B6B75}.Debug|x86.ActiveCfg = Debug|Any CPU
		{5CB72003-2AE8-4C75-A3A7-2445C77B6B75}.Debug|x86.Build.0 = Debug|Any CPU
		{5CB72003-2AE8-4C75-A3A7-2445C77B6B75}.Release|Any CPU.ActiveCfg = Release|Any CPU
		{5CB72003-2AE8-4C75-A3A7-2445C77B6B75}.Release|Any CPU.Build.0 = Release|Any CPU
		{5CB72003-2AE8-4C75-A3A7-2445C77B6B75}.Release|ARM.ActiveCfg = Release|Any CPU
		{5CB72003-2AE8-4C75-A3A7-2445C77B6B75}.Release|ARM.Build.0 = Release|Any CPU
		{5CB72003-2AE8-4C75-A3A7-2445C77B6B75}.Release|iPhone.ActiveCfg = Release|Any CPU
		{5CB72003-2AE8-4C75-A3A7-2445C77B6B75}.Release|iPhone.Build.0 = Release|Any CPU
		{5CB72003-2AE8-4C75-A3A7-2445C77B6B75}.Release|iPhoneSimulator.ActiveCfg = Release|Any CPU
		{5CB72003-2AE8-4C75-A3A7-2445C77B6B75}.Release|iPhoneSimulator.Build.0 = Release|Any CPU
		{5CB72003-2AE8-4C75-A3A7-2445C77B6B75}.Release|x64.ActiveCfg = Release|Any CPU
		{5CB72003-2AE8-4C75-A3A7-2445C77B6B75}.Release|x64.Build.0 = Release|Any CPU
		{5CB72003-2AE8-4C75-A3A7-2445C77B6B75}.Release|x86.ActiveCfg = Release|Any CPU
		{5CB72003-2AE8-4C75-A3A7-2445C77B6B75}.Release|x86.Build.0 = Release|Any CPU
		{9B13E165-4112-429F-9CF2-48F8546FB104}.Ad-Hoc|Any CPU.ActiveCfg = Release|x86
		{9B13E165-4112-429F-9CF2-48F8546FB104}.Ad-Hoc|Any CPU.Build.0 = Release|x86
		{9B13E165-4112-429F-9CF2-48F8546FB104}.Ad-Hoc|Any CPU.Deploy.0 = Release|x86
		{9B13E165-4112-429F-9CF2-48F8546FB104}.Ad-Hoc|ARM.ActiveCfg = Release|ARM
		{9B13E165-4112-429F-9CF2-48F8546FB104}.Ad-Hoc|ARM.Build.0 = Release|ARM
		{9B13E165-4112-429F-9CF2-48F8546FB104}.Ad-Hoc|ARM.Deploy.0 = Release|ARM
		{9B13E165-4112-429F-9CF2-48F8546FB104}.Ad-Hoc|iPhone.ActiveCfg = Release|x86
		{9B13E165-4112-429F-9CF2-48F8546FB104}.Ad-Hoc|iPhone.Build.0 = Release|x86
		{9B13E165-4112-429F-9CF2-48F8546FB104}.Ad-Hoc|iPhone.Deploy.0 = Release|x86
		{9B13E165-4112-429F-9CF2-48F8546FB104}.Ad-Hoc|iPhoneSimulator.ActiveCfg = Release|x86
		{9B13E165-4112-429F-9CF2-48F8546FB104}.Ad-Hoc|iPhoneSimulator.Build.0 = Release|x86
		{9B13E165-4112-429F-9CF2-48F8546FB104}.Ad-Hoc|iPhoneSimulator.Deploy.0 = Release|x86
		{9B13E165-4112-429F-9CF2-48F8546FB104}.Ad-Hoc|x64.ActiveCfg = Release|x64
		{9B13E165-4112-429F-9CF2-48F8546FB104}.Ad-Hoc|x64.Build.0 = Release|x64
		{9B13E165-4112-429F-9CF2-48F8546FB104}.Ad-Hoc|x64.Deploy.0 = Release|x64
		{9B13E165-4112-429F-9CF2-48F8546FB104}.Ad-Hoc|x86.ActiveCfg = Release|x86
		{9B13E165-4112-429F-9CF2-48F8546FB104}.Ad-Hoc|x86.Build.0 = Release|x86
		{9B13E165-4112-429F-9CF2-48F8546FB104}.Ad-Hoc|x86.Deploy.0 = Release|x86
		{9B13E165-4112-429F-9CF2-48F8546FB104}.AppStore|Any CPU.ActiveCfg = Release|x86
		{9B13E165-4112-429F-9CF2-48F8546FB104}.AppStore|Any CPU.Build.0 = Release|x86
		{9B13E165-4112-429F-9CF2-48F8546FB104}.AppStore|Any CPU.Deploy.0 = Release|x86
		{9B13E165-4112-429F-9CF2-48F8546FB104}.AppStore|ARM.ActiveCfg = Release|ARM
		{9B13E165-4112-429F-9CF2-48F8546FB104}.AppStore|ARM.Build.0 = Release|ARM
		{9B13E165-4112-429F-9CF2-48F8546FB104}.AppStore|ARM.Deploy.0 = Release|ARM
		{9B13E165-4112-429F-9CF2-48F8546FB104}.AppStore|iPhone.ActiveCfg = Release|x86
		{9B13E165-4112-429F-9CF2-48F8546FB104}.AppStore|iPhone.Build.0 = Release|x86
		{9B13E165-4112-429F-9CF2-48F8546FB104}.AppStore|iPhone.Deploy.0 = Release|x86
		{9B13E165-4112-429F-9CF2-48F8546FB104}.AppStore|iPhoneSimulator.ActiveCfg = Release|x86
		{9B13E165-4112-429F-9CF2-48F8546FB104}.AppStore|iPhoneSimulator.Build.0 = Release|x86
		{9B13E165-4112-429F-9CF2-48F8546FB104}.AppStore|iPhoneSimulator.Deploy.0 = Release|x86
		{9B13E165-4112-429F-9CF2-48F8546FB104}.AppStore|x64.ActiveCfg = Release|x64
		{9B13E165-4112-429F-9CF2-48F8546FB104}.AppStore|x64.Build.0 = Release|x64
		{9B13E165-4112-429F-9CF2-48F8546FB104}.AppStore|x64.Deploy.0 = Release|x64
		{9B13E165-4112-429F-9CF2-48F8546FB104}.AppStore|x86.ActiveCfg = Release|x86
		{9B13E165-4112-429F-9CF2-48F8546FB104}.AppStore|x86.Build.0 = Release|x86
		{9B13E165-4112-429F-9CF2-48F8546FB104}.AppStore|x86.Deploy.0 = Release|x86
		{9B13E165-4112-429F-9CF2-48F8546FB104}.Debug|Any CPU.ActiveCfg = Debug|x86
		{9B13E165-4112-429F-9CF2-48F8546FB104}.Debug|ARM.ActiveCfg = Debug|ARM
		{9B13E165-4112-429F-9CF2-48F8546FB104}.Debug|ARM.Build.0 = Debug|ARM
		{9B13E165-4112-429F-9CF2-48F8546FB104}.Debug|ARM.Deploy.0 = Debug|ARM
		{9B13E165-4112-429F-9CF2-48F8546FB104}.Debug|iPhone.ActiveCfg = Debug|x86
		{9B13E165-4112-429F-9CF2-48F8546FB104}.Debug|iPhoneSimulator.ActiveCfg = Debug|x86
		{9B13E165-4112-429F-9CF2-48F8546FB104}.Debug|x64.ActiveCfg = Debug|x64
		{9B13E165-4112-429F-9CF2-48F8546FB104}.Debug|x64.Build.0 = Debug|x64
		{9B13E165-4112-429F-9CF2-48F8546FB104}.Debug|x64.Deploy.0 = Debug|x64
		{9B13E165-4112-429F-9CF2-48F8546FB104}.Debug|x86.ActiveCfg = Debug|x86
		{9B13E165-4112-429F-9CF2-48F8546FB104}.Debug|x86.Build.0 = Debug|x86
		{9B13E165-4112-429F-9CF2-48F8546FB104}.Debug|x86.Deploy.0 = Debug|x86
		{9B13E165-4112-429F-9CF2-48F8546FB104}.Release|Any CPU.ActiveCfg = Release|x86
		{9B13E165-4112-429F-9CF2-48F8546FB104}.Release|ARM.ActiveCfg = Release|ARM
		{9B13E165-4112-429F-9CF2-48F8546FB104}.Release|ARM.Build.0 = Release|ARM
		{9B13E165-4112-429F-9CF2-48F8546FB104}.Release|ARM.Deploy.0 = Release|ARM
		{9B13E165-4112-429F-9CF2-48F8546FB104}.Release|iPhone.ActiveCfg = Release|x86
		{9B13E165-4112-429F-9CF2-48F8546FB104}.Release|iPhoneSimulator.ActiveCfg = Release|x86
		{9B13E165-4112-429F-9CF2-48F8546FB104}.Release|x64.ActiveCfg = Release|x64
		{9B13E165-4112-429F-9CF2-48F8546FB104}.Release|x64.Build.0 = Release|x64
		{9B13E165-4112-429F-9CF2-48F8546FB104}.Release|x64.Deploy.0 = Release|x64
		{9B13E165-4112-429F-9CF2-48F8546FB104}.Release|x86.ActiveCfg = Release|x86
		{9B13E165-4112-429F-9CF2-48F8546FB104}.Release|x86.Build.0 = Release|x86
		{9B13E165-4112-429F-9CF2-48F8546FB104}.Release|x86.Deploy.0 = Release|x86
		{814B16F9-A066-40AB-AB3F-E0BAC47CC81A}.Ad-Hoc|Any CPU.ActiveCfg = Ad-Hoc|iPhone
		{814B16F9-A066-40AB-AB3F-E0BAC47CC81A}.Ad-Hoc|ARM.ActiveCfg = Ad-Hoc|iPhone
		{814B16F9-A066-40AB-AB3F-E0BAC47CC81A}.Ad-Hoc|iPhone.ActiveCfg = Ad-Hoc|iPhone
		{814B16F9-A066-40AB-AB3F-E0BAC47CC81A}.Ad-Hoc|iPhone.Build.0 = Ad-Hoc|iPhone
		{814B16F9-A066-40AB-AB3F-E0BAC47CC81A}.Ad-Hoc|iPhoneSimulator.ActiveCfg = Ad-Hoc|iPhoneSimulator
		{814B16F9-A066-40AB-AB3F-E0BAC47CC81A}.Ad-Hoc|iPhoneSimulator.Build.0 = Ad-Hoc|iPhoneSimulator
		{814B16F9-A066-40AB-AB3F-E0BAC47CC81A}.Ad-Hoc|x64.ActiveCfg = Ad-Hoc|iPhone
		{814B16F9-A066-40AB-AB3F-E0BAC47CC81A}.Ad-Hoc|x86.ActiveCfg = Ad-Hoc|iPhone
		{814B16F9-A066-40AB-AB3F-E0BAC47CC81A}.AppStore|Any CPU.ActiveCfg = AppStore|iPhone
		{814B16F9-A066-40AB-AB3F-E0BAC47CC81A}.AppStore|ARM.ActiveCfg = AppStore|iPhone
		{814B16F9-A066-40AB-AB3F-E0BAC47CC81A}.AppStore|iPhone.ActiveCfg = AppStore|iPhone
		{814B16F9-A066-40AB-AB3F-E0BAC47CC81A}.AppStore|iPhone.Build.0 = AppStore|iPhone
		{814B16F9-A066-40AB-AB3F-E0BAC47CC81A}.AppStore|iPhoneSimulator.ActiveCfg = AppStore|iPhoneSimulator
		{814B16F9-A066-40AB-AB3F-E0BAC47CC81A}.AppStore|iPhoneSimulator.Build.0 = AppStore|iPhoneSimulator
		{814B16F9-A066-40AB-AB3F-E0BAC47CC81A}.AppStore|x64.ActiveCfg = AppStore|iPhone
		{814B16F9-A066-40AB-AB3F-E0BAC47CC81A}.AppStore|x86.ActiveCfg = AppStore|iPhone
		{814B16F9-A066-40AB-AB3F-E0BAC47CC81A}.Debug|Any CPU.ActiveCfg = Debug|iPhone
		{814B16F9-A066-40AB-AB3F-E0BAC47CC81A}.Debug|ARM.ActiveCfg = Debug|iPhone
		{814B16F9-A066-40AB-AB3F-E0BAC47CC81A}.Debug|iPhone.ActiveCfg = Debug|iPhone
		{814B16F9-A066-40AB-AB3F-E0BAC47CC81A}.Debug|iPhone.Build.0 = Debug|iPhone
		{814B16F9-A066-40AB-AB3F-E0BAC47CC81A}.Debug|iPhoneSimulator.ActiveCfg = Debug|iPhoneSimulator
		{814B16F9-A066-40AB-AB3F-E0BAC47CC81A}.Debug|iPhoneSimulator.Build.0 = Debug|iPhoneSimulator
		{814B16F9-A066-40AB-AB3F-E0BAC47CC81A}.Debug|x64.ActiveCfg = Debug|iPhone
		{814B16F9-A066-40AB-AB3F-E0BAC47CC81A}.Debug|x86.ActiveCfg = Debug|iPhone
		{814B16F9-A066-40AB-AB3F-E0BAC47CC81A}.Release|Any CPU.ActiveCfg = Release|iPhone
		{814B16F9-A066-40AB-AB3F-E0BAC47CC81A}.Release|ARM.ActiveCfg = Release|iPhone
		{814B16F9-A066-40AB-AB3F-E0BAC47CC81A}.Release|iPhone.ActiveCfg = Release|iPhone
		{814B16F9-A066-40AB-AB3F-E0BAC47CC81A}.Release|iPhone.Build.0 = Release|iPhone
		{814B16F9-A066-40AB-AB3F-E0BAC47CC81A}.Release|iPhoneSimulator.ActiveCfg = Release|iPhoneSimulator
		{814B16F9-A066-40AB-AB3F-E0BAC47CC81A}.Release|iPhoneSimulator.Build.0 = Release|iPhoneSimulator
		{814B16F9-A066-40AB-AB3F-E0BAC47CC81A}.Release|x64.ActiveCfg = Release|iPhone
		{814B16F9-A066-40AB-AB3F-E0BAC47CC81A}.Release|x86.ActiveCfg = Release|iPhone
	EndGlobalSection
	GlobalSection(SolutionProperties) = preSolution
		HideSolutionNode = FALSE
	EndGlobalSection
EndGlobal
